PODS:
  - PayNlPOSSdkSwift (0.0.12)

DEPENDENCIES:
  - PayNlPOSSdkSwift (~> 0.0.12)

SPEC REPOS:
  https://github.com/paynl/paynlSpec:
    - PayNlPOSSdkSwift

SPEC CHECKSUMS:
  PayNlPOSSdkSwift: 364b6d5772bf7da645ee47e3b98a0cf14ec2236f

PODFILE CHECKSUM: 38056af0d0dea418565e84f3b153bacaf80ed037

COCOAPODS: 1.16.2
